github.com/hugomods/icons v0.6.0 h1:G6RU93okhPPRDh/jqcew9gwkcYpSpg0rCBv4S6yUAFw=
github.com/hugomods/icons v0.6.0/go.mod h1:cIkSvK6W0q6N4U6n9KGz+QfRWQXAW0INd+1P31gPNGg=
github.com/hugomods/icons/vendors/bootstrap v0.5.2 h1:A/6sY9tcTY0kGdz+yJOotRutWaXLXHbwHgI5NDZ4nvk=
github.com/hugomods/icons/vendors/bootstrap v0.5.2/go.mod h1:O+9YwW2aJiOIC7R/zmSnoiZjiix1HMJD5J7NRLxRg+M=
github.com/hugomods/icons/vendors/font-awesome v0.6.1 h1:MyYF67fPthN4EDkT/IwY0ydowxzE6J/oKFTltOCY2vY=
github.com/hugomods/icons/vendors/font-awesome v0.6.1/go.mod h1:kmMci4qX8yTQPT28sskzKRudJiQAAiZZugjNbkakRhk=
github.com/hugomods/icons/vendors/simple-icons v1.0.23 h1:6i3SDBf9MGwmaBca0uzjF/97j8gFvOFvmDfhPkLm6qg=
github.com/hugomods/icons/vendors/simple-icons v1.0.23/go.mod h1:o6weSXwunOIg3Gu3XoA5ZHo1vBzJRhKpbJJBdIb1Rpg=
